
Microsoft Visual Studio Solution File, Format Version 12.00
# Visual Studio 15
VisualStudioVersion = 15.0.28307.489
MinimumVisualStudioVersion = 10.0.40219.1
Project("{FAE04EC0-301F-11D3-BF4B-00C04F79EFBC}") = "Minecraft Tools", "Minecraft Tools\Minecraft Tools.csproj", "{558D8A61-09F6-40EB-944A-918F02533F81}"
EndProject
Project("{FAE04EC0-301F-11D3-BF4B-00C04F79EFBC}") = "XNA Extractor", "XNA_Extractor\XNA Extractor.csproj", "{837F8816-FCF9-4925-916F-AC2C36CF4DEF}"
EndProject
Global
	GlobalSection(SolutionConfigurationPlatforms) = preSolution
		Debug|Any CPU = Debug|Any CPU
		Release|Any CPU = Release|Any CPU
	EndGlobalSection
	GlobalSection(ProjectConfigurationPlatforms) = postSolution
		{558D8A61-09F6-40EB-944A-918F02533F81}.Debug|Any CPU.ActiveCfg = Debug|Any CPU
		{558D8A61-09F6-40EB-944A-918F02533F81}.Debug|Any CPU.Build.0 = Debug|Any CPU
		{558D8A61-09F6-40EB-944A-918F02533F81}.Release|Any CPU.ActiveCfg = Release|Any CPU
		{558D8A61-09F6-40EB-944A-918F02533F81}.Release|Any CPU.Build.0 = Release|Any CPU
		{837F8816-FCF9-4925-916F-AC2C36CF4DEF}.Debug|Any CPU.ActiveCfg = Debug|Any CPU
		{837F8816-FCF9-4925-916F-AC2C36CF4DEF}.Debug|Any CPU.Build.0 = Debug|Any CPU
		{837F8816-FCF9-4925-916F-AC2C36CF4DEF}.Release|Any CPU.ActiveCfg = Release|Any CPU
		{837F8816-FCF9-4925-916F-AC2C36CF4DEF}.Release|Any CPU.Build.0 = Release|Any CPU
	EndGlobalSection
	GlobalSection(SolutionProperties) = preSolution
		HideSolutionNode = FALSE
	EndGlobalSection
	GlobalSection(ExtensibilityGlobals) = postSolution
		SolutionGuid = {AFD316FA-3884-49CC-8BE1-DB99E831F242}
	EndGlobalSection
EndGlobal
